// !$*UTF8*$!
{
	archiveVersion = 1;
	classes = {
	};
	objectVersion = 50;
	objects = {

/* Begin PBXBuildFile section */
		CDBD37DE2590156D00EE0540 /* AppDelegate.swift in Sources */ = {isa = PBXBuildFile; fileRef = CDBD37DD2590156D00EE0540 /* AppDelegate.swift */; };
		CDBD37E02590156D00EE0540 /* SceneDelegate.swift in Sources */ = {isa = PBXBuildFile; fileRef = CDBD37DF2590156D00EE0540 /* SceneDelegate.swift */; };
		CDBD37E22590156D00EE0540 /* ViewController.swift in Sources */ = {isa = PBXBuildFile; fileRef = CDBD37E12590156D00EE0540 /* ViewController.swift */; };
		CDBD37E52590156D00EE0540 /* Main.storyboard in Resources */ = {isa = PBXBuildFile; fileRef = CDBD37E32590156D00EE0540 /* Main.storyboard */; };
		CDBD37E72590157200EE0540 /* Assets.xcassets in Resources */ = {isa = PBXBuildFile; fileRef = CDBD37E62590157200EE0540 /* Assets.xcassets */; };
		CDBD37EA2590157200EE0540 /* LaunchScreen.storyboard in Resources */ = {isa = PBXBuildFile; fileRef = CDBD37E82590157200EE0540 /* LaunchScreen.storyboard */; };
		CDBD37F52590157200EE0540 /* TippyTests.swift in Sources */ = {isa = PBXBuildFile; fileRef = CDBD37F42590157200EE0540 /* TippyTests.swift */; };
		CDBD38002590157200EE0540 /* TippyUITests.swift in Sources */ = {isa = PBXBuildFile; fileRef = CDBD37FF2590157200EE0540 /* TippyUITests.swift */; };
/* End PBXBuildFile section */

/* Begin PBXContainerItemProxy section */
		CDBD37F12590157200EE0540 /* PBXContainerItemProxy */ = {
			isa = PBXContainerItemProxy;
			containerPortal = CDBD37D22590156D00EE0540 /* Project object */;
			proxyType = 1;
			remoteGlobalIDString = CDBD37D92590156D00EE0540;
			remoteInfo = Tippy;
		};
		CDBD37FC2590157200EE0540 /* PBXContainerItemProxy */ = {
			isa = PBXContainerItemProxy;
			containerPortal = CDBD37D22590156D00EE0540 /* Project object */;
			proxyType = 1;
			remoteGlobalIDString = CDBD37D92590156D00EE0540;
			remoteInfo = Tippy;
		};
/* End PBXContainerItemProxy section */

/* Begin PBXFileReference section */
		CDBD37DA2590156D00EE0540 /* Tippy.app */ = {isa = PBXFileReference; explicitFileType = wrapper.application; includeInIndex = 0; path = Tippy.app; sourceTree = BUILT_PRODUCTS_DIR; };
		CDBD37DD2590156D00EE0540 /* AppDelegate.swift */ = {isa = PBXFileReference; lastKnownFileType = sourcecode.swift; path = AppDelegate.swift; sourceTree = "<group>"; };
		CDBD37DF2590156D00EE0540 /* SceneDelegate.swift */ = {isa = PBXFileReference; lastKnownFileType = sourcecode.swift; path = SceneDelegate.swift; sourceTree = "<group>"; };
		CDBD37E12590156D00EE0540 /* ViewController.swift */ = {isa = PBXFileReference; lastKnownFileType = sourcecode.swift; path = ViewController.swift; sourceTree = "<group>"; };
		CDBD37E42590156D00EE0540 /* Base */ = {isa = PBXFileReference; lastKnownFileType = file.storyboard; name = Base; path = Base.lproj/Main.storyboard; sourceTree = "<group>"; };
		CDBD37E62590157200EE0540 /* Assets.xcassets */ = {isa = PBXFileReference; lastKnownFileType = folder.assetcatalog; path = Assets.xcassets; sourceTree = "<group>"; };
		CDBD37E92590157200EE0540 /* Base */ = {isa = PBXFileReference; lastKnownFileType = file.storyboard; name = Base; path = Base.lproj/LaunchScreen.storyboard; sourceTree = "<group>"; };
		CDBD37EB2590157200EE0540 /* Info.plist */ = {isa = PBXFileReference; lastKnownFileType = text.plist.xml; path = Info.plist; sourceTree = "<group>"; };
		CDBD37F02590157200EE0540 /* TippyTests.xctest */ = {isa = PBXFileReference; explicitFileType = wrapper.cfbundle; includeInIndex = 0; path = TippyTests.xctest; sourceTree = BUILT_PRODUCTS_DIR; };
		CDBD37F42590157200EE0540 /* TippyTests.swift */ = {isa = PBXFileReference; lastKnownFileType = sourcecode.swift; path = TippyTests.swift; sourceTree = "<group>"; };
		CDBD37F62590157200EE0540 /* Info.plist */ = {isa = PBXFileReference; lastKnownFileType = text.plist.xml; path = Info.plist; sourceTree = "<group>"; };
		CDBD37FB2590157200EE0540 /* TippyUITests.xctest */ = {isa = PBXFileReference; explicitFileType = wrapper.cfbundle; includeInIndex = 0; path = TippyUITests.xctest; sourceTree = BUILT_PRODUCTS_DIR; };
		CDBD37FF2590157200EE0540 /* TippyUITests.swift */ = {isa = PBXFileReference; lastKnownFileType = sourcecode.swift; path = TippyUITests.swift; sourceTree = "<group>"; };
		CDBD38012590157200EE0540 /* Info.plist */ = {isa = PBXFileReference; lastKnownFileType = text.plist.xml; path = Info.plist; sourceTree = "<group>"; };
/* End PBXFileReference section */

/* Begin PBXFrameworksBuildPhase section */
		CDBD37D72590156D00EE0540 /* Frameworks */ = {
			isa = PBXFrameworksBuildPhase;
			buildActionMask = 2147483647;
			files = (
			);
			runOnlyForDeploymentPostprocessing = 0;
		};
		CDBD37ED2590157200EE0540 /* Frameworks */ = {
			isa = PBXFrameworksBuildPhase;
			buildActionMask = 2147483647;
			files = (
			);
			runOnlyForDeploymentPostprocessing = 0;
		};
		CDBD37F82590157200EE0540 /* Frameworks */ = {
			isa = PBXFrameworksBuildPhase;
			buildActionMask = 2147483647;
			files = (
			);
			runOnlyForDeploymentPostprocessing = 0;
		};
/* End PBXFrameworksBuildPhase section */

/* Begin PBXGroup section */
		CDBD37D12590156D00EE0540 = {
			isa = PBXGroup;
			children = (
				CDBD37DC2590156D00EE0540 /* Tippy */,
				CDBD37F32590157200EE0540 /* TippyTests */,
				CDBD37FE2590157200EE0540 /* TippyUITests */,
				CDBD37DB2590156D00EE0540 /* Products */,
			);
			sourceTree = "<group>";
		};
		CDBD37DB2590156D00EE0540 /* Products */ = {
			isa = PBXGroup;
			children = (
				CDBD37DA2590156D00EE0540 /* Tippy.app */,
				CDBD37F02590157200EE0540 /* TippyTests.xctest */,
				CDBD37FB2590157200EE0540 /* TippyUITests.xctest */,
			);
			name = Products;
			sourceTree = "<group>";
		};
		CDBD37DC2590156D00EE0540 /* Tippy */ = {
			isa = PBXGroup;
			children = (
				CDBD37DD2590156D00EE0540 /* AppDelegate.swift */,
				CDBD37DF2590156D00EE0540 /* SceneDelegate.swift */,
				CDBD37E12590156D00EE0540 /* ViewController.swift */,
				CDBD37E32590156D00EE0540 /* Main.storyboard */,
				CDBD37E62590157200EE0540 /* Assets.xcassets */,
				CDBD37E82590157200EE0540 /* LaunchScreen.storyboard */,
				CDBD37EB2590157200EE0540 /* Info.plist */,
			);
			path = Tippy;
			sourceTree = "<group>";
		};
		CDBD37F32590157200EE0540 /* TippyTests */ = {
			isa = PBXGroup;
			children = (
				CDBD37F42590157200EE0540 /* TippyTests.swift */,
				CDBD37F62590157200EE0540 /* Info.plist */,
			);
			path = TippyTests;
			sourceTree = "<group>";
		};
		CDBD37FE2590157200EE0540 /* TippyUITests */ = {
			isa = PBXGroup;
			children = (
				CDBD37FF2590157200EE0540 /* TippyUITests.swift */,
				CDBD38012590157200EE0540 /* Info.plist */,
			);
			path = TippyUITests;
			sourceTree = "<group>";
		};
/* End PBXGroup section */

/* Begin PBXNativeTarget section */
		CDBD37D92590156D00EE0540 /* Tippy */ = {
			isa = PBXNativeTarget;
			buildConfigurationList = CDBD38042590157200EE0540 /* Build configuration list for PBXNativeTarget "Tippy" */;
			buildPhases = (
				CDBD37D62590156D00EE0540 /* Sources */,
				CDBD37D72590156D00EE0540 /* Frameworks */,
				CDBD37D82590156D00EE0540 /* Resources */,
			);
			buildRules = (
			);
			dependencies = (
			);
			name = Tippy;
			productName = Tippy;
			productReference = CDBD37DA2590156D00EE0540 /* Tippy.app */;
			productType = "com.apple.product-type.application";
		};
		CDBD37EF2590157200EE0540 /* TippyTests */ = {
			isa = PBXNativeTarget;
			buildConfigurationList = CDBD38072590157200EE0540 /* Build configuration list for PBXNativeTarget "TippyTests" */;
			buildPhases = (
				CDBD37EC2590157200EE0540 /* Sources */,
				CDBD37ED2590157200EE0540 /* Frameworks */,
				CDBD37EE2590157200EE0540 /* Resources */,
			);
			buildRules = (
			);
			dependencies = (
				CDBD37F22590157200EE0540 /* PBXTargetDependency */,
			);
			name = TippyTests;
			productName = TippyTests;
			productReference = CDBD37F02590157200EE0540 /* TippyTests.xctest */;
			productType = "com.apple.product-type.bundle.unit-test";
		};
		CDBD37FA2590157200EE0540 /* TippyUITests */ = {
			isa = PBXNativeTarget;
			buildConfigurationList = CDBD380A2590157200EE0540 /* Build configuration list for PBXNativeTarget "TippyUITests" */;
			buildPhases = (
				CDBD37F72590157200EE0540 /* Sources */,
				CDBD37F82590157200EE0540 /* Frameworks */,
				CDBD37F92590157200EE0540 /* Resources */,
			);
			buildRules = (
			);
			dependencies = (
				CDBD37FD2590157200EE0540 /* PBXTargetDependency */,
			);
			name = TippyUITests;
			productName = TippyUITests;
			productReference = CDBD37FB2590157200EE0540 /* TippyUITests.xctest */;
			productType = "com.apple.product-type.bundle.ui-testing";
		};
/* End PBXNativeTarget section */

/* Begin PBXProject section */
		CDBD37D22590156D00EE0540 /* Project object */ = {
			isa = PBXProject;
			attributes = {
				LastSwiftUpdateCheck = 1230;
				LastUpgradeCheck = 1230;
				TargetAttributes = {
					CDBD37D92590156D00EE0540 = {
						CreatedOnToolsVersion = 12.3;
					};
					CDBD37EF2590157200EE0540 = {
						CreatedOnToolsVersion = 12.3;
						TestTargetID = CDBD37D92590156D00EE0540;
					};
					CDBD37FA2590157200EE0540 = {
						CreatedOnToolsVersion = 12.3;
						TestTargetID = CDBD37D92590156D00EE0540;
					};
				};
			};
			buildConfigurationList = CDBD37D52590156D00EE0540 /* Build configuration list for PBXProject "Tippy" */;
			compatibilityVersion = "Xcode 9.3";
			developmentRegion = en;
			hasScannedForEncodings = 0;
			knownRegions = (
				en,
				Base,
			);
			mainGroup = CDBD37D12590156D00EE0540;
			productRefGroup = CDBD37DB2590156D00EE0540 /* Products */;
			projectDirPath = "";
			projectRoot = "";
			targets = (
				CDBD37D92590156D00EE0540 /* Tippy */,
				CDBD37EF2590157200EE0540 /* TippyTests */,
				CDBD37FA2590157200EE0540 /* TippyUITests */,
			);
		};
/* End PBXProject section */

/* Begin PBXResourcesBuildPhase section */
		CDBD37D82590156D00EE0540 /* Resources */ = {
			isa = PBXResourcesBuildPhase;
			buildActionMask = 2147483647;
			files = (
				CDBD37EA2590157200EE0540 /* LaunchScreen.storyboard in Resources */,
				CDBD37E72590157200EE0540 /* Assets.xcassets in Resources */,
				CDBD37E52590156D00EE0540 /* Main.storyboard in Resources */,
			);
			runOnlyForDeploymentPostprocessing = 0;
		};
		CDBD37EE2590157200EE0540 /* Resources */ = {
			isa = PBXResourcesBuildPhase;
			buildActionMask = 2147483647;
			files = (
			);
			runOnlyForDeploymentPostprocessing = 0;
		};
		CDBD37F92590157200EE0540 /* Resources */ = {
			isa = PBXResourcesBuildPhase;
			buildActionMask = 2147483647;
			files = (
			);
			runOnlyForDeploymentPostprocessing = 0;
		};
/* End PBXResourcesBuildPhase section */

/* Begin PBXSourcesBuildPhase section */
		CDBD37D62590156D00EE0540 /* Sources */ = {
			isa = PBXSourcesBuildPhase;
			buildActionMask = 2147483647;
			files = (
				CDBD37E22590156D00EE0540 /* ViewController.swift in Sources */,
				CDBD37DE2590156D00EE0540 /* AppDelegate.swift in Sources */,
				CDBD37E02590156D00EE0540 /* SceneDelegate.swift in Sources */,
			);
			runOnlyForDeploymentPostprocessing = 0;
		};
		CDBD37EC2590157200EE0540 /* Sources */ = {
			isa = PBXSourcesBuildPhase;
			buildActionMask = 2147483647;
			files = (
				CDBD37F52590157200EE0540 /* TippyTests.swift in Sources */,
			);
			runOnlyForDeploymentPostprocessing = 0;
		};
		CDBD37F72590157200EE0540 /* Sources */ = {
			isa = PBXSourcesBuildPhase;
			buildActionMask = 2147483647;
			files = (
				CDBD38002590157200EE0540 /* TippyUITests.swift in Sources */,
			);
			runOnlyForDeploymentPostprocessing = 0;
		};
/* End PBXSourcesBuildPhase section */

/* Begin PBXTargetDependency section */
		CDBD37F22590157200EE0540 /* PBXTargetDependency */ = {
			isa = PBXTargetDependency;
			target = CDBD37D92590156D00EE0540 /* Tippy */;
			targetProxy = CDBD37F12590157200EE0540 /* PBXContainerItemProxy */;
		};
		CDBD37FD2590157200EE0540 /* PBXTargetDependency */ = {
			isa = PBXTargetDependency;
			target = CDBD37D92590156D00EE0540 /* Tippy */;
			targetProxy = CDBD37FC2590157200EE0540 /* PBXContainerItemProxy */;
		};
/* End PBXTargetDependency section */

/* Begin PBXVariantGroup section */
		CDBD37E32590156D00EE0540 /* Main.storyboard */ = {
			isa = PBXVariantGroup;
			children = (
				CDBD37E42590156D00EE0540 /* Base */,
			);
			name = Main.storyboard;
			sourceTree = "<group>";
		};
		CDBD37E82590157200EE0540 /* LaunchScreen.storyboard */ = {
			isa = PBXVariantGroup;
			children = (
				CDBD37E92590157200EE0540 /* Base */,
			);
			name = LaunchScreen.storyboard;
			sourceTree = "<group>";
		};
/* End PBXVariantGroup section */

/* Begin XCBuildConfiguration section */
		CDBD38022590157200EE0540 /* Debug */ = {
			isa = XCBuildConfiguration;
			buildSettings = {
				ALWAYS_SEARCH_USER_PATHS = NO;
				CLANG_ANALYZER_NONNULL = YES;
				CLANG_ANALYZER_NUMBER_OBJECT_CONVERSION = YES_AGGRESSIVE;
				CLANG_CXX_LANGUAGE_STANDARD = "gnu++14";
				CLANG_CXX_LIBRARY = "libc++";
				CLANG_ENABLE_MODULES = YES;
				CLANG_ENABLE_OBJC_ARC = YES;
				CLANG_ENABLE_OBJC_WEAK = YES;
				CLANG_WARN_BLOCK_CAPTURE_AUTORELEASING = YES;
				CLANG_WARN_BOOL_CONVERSION = YES;
				CLANG_WARN_COMMA = YES;
				CLANG_WARN_CONSTANT_CONVERSION = YES;
				CLANG_WARN_DEPRECATED_OBJC_IMPLEMENTATIONS = YES;
				CLANG_WARN_DIRECT_OBJC_ISA_USAGE = YES_ERROR;
				CLANG_WARN_DOCUMENTATION_COMMENTS = YES;
				CLANG_WARN_EMPTY_BODY = YES;
				CLANG_WARN_ENUM_CONVERSION = YES;
				CLANG_WARN_INFINITE_RECURSION = YES;
				CLANG_WARN_INT_CONVERSION = YES;
				CLANG_WARN_NON_LITERAL_NULL_CONVERSION = YES;
				CLANG_WARN_OBJC_IMPLICIT_RETAIN_SELF = YES;
				CLANG_WARN_OBJC_LITERAL_CONVERSION = YES;
				CLANG_WARN_OBJC_ROOT_CLASS = YES_ERROR;
				CLANG_WARN_QUOTED_INCLUDE_IN_FRAMEWORK_HEADER = YES;
				CLANG_WARN_RANGE_LOOP_ANALYSIS = YES;
				CLANG_WARN_STRICT_PROTOTYPES = YES;
				CLANG_WARN_SUSPICIOUS_MOVE = YES;
				CLANG_WARN_UNGUARDED_AVAILABILITY = YES_AGGRESSIVE;
				CLANG_WARN_UNREACHABLE_CODE = YES;
				CLANG_WARN__DUPLICATE_METHOD_MATCH = YES;
				COPY_PHASE_STRIP = NO;
				DEBUG_INFORMATION_FORMAT = dwarf;
				ENABLE_STRICT_OBJC_MSGSEND = YES;
				ENABLE_TESTABILITY = YES;
				GCC_C_LANGUAGE_STANDARD = gnu11;
				GCC_DYNAMIC_NO_PIC = NO;
				GCC_NO_COMMON_BLOCKS = YES;
				GCC_OPTIMIZATION_LEVEL = 0;
				GCC_PREPROCESSOR_DEFINITIONS = (
					"DEBUG=1",
					"$(inherited)",
				);
				GCC_WARN_64_TO_32_BIT_CONVERSION = YES;
				GCC_WARN_ABOUT_RETURN_TYPE = YES_ERROR;
				GCC_WARN_UNDECLARED_SELECTOR = YES;
				GCC_WARN_UNINITIALIZED_AUTOS = YES_AGGRESSIVE;
				GCC_WARN_UNUSED_FUNCTION = YES;
				GCC_WARN_UNUSED_VARIABLE = YES;
				IPHONEOS_DEPLOYMENT_TARGET = 14.3;
				MTL_ENABLE_DEBUG_INFO = INCLUDE_SOURCE;
				MTL_FAST_MATH = YES;
				ONLY_ACTIVE_ARCH = YES;
				SDKROOT = iphoneos;
				SWIFT_ACTIVE_COMPILATION_CONDITIONS = DEBUG;
				SWIFT_OPTIMIZATION_LEVEL = "-Onone";
			};
			name = Debug;
		};
		CDBD38032590157200EE0540 /* Release */ = {
			isa = XCBuildConfiguration;
			buildSettings = {
				ALWAYS_SEARCH_USER_PATHS = NO;
				CLANG_ANALYZER_NONNULL = YES;
				CLANG_ANALYZER_NUMBER_OBJECT_CONVERSION = YES_AGGRESSIVE;
				CLANG_CXX_LANGUAGE_STANDARD = "gnu++14";
				CLANG_CXX_LIBRARY = "libc++";
				CLANG_ENABLE_MODULES = YES;
				CLANG_ENABLE_OBJC_ARC = YES;
				CLANG_ENABLE_OBJC_WEAK = YES;
				CLANG_WARN_BLOCK_CAPTURE_AUTORELEASING = YES;
				CLANG_WARN_BOOL_CONVERSION = YES;
				CLANG_WARN_COMMA = YES;
				CLANG_WARN_CONSTANT_CONVERSION = YES;
				CLANG_WARN_DEPRECATED_OBJC_IMPLEMENTATIONS = YES;
				CLANG_WARN_DIRECT_OBJC_ISA_USAGE = YES_ERROR;
				CLANG_WARN_DOCUMENTATION_COMMENTS = YES;
				CLANG_WARN_EMPTY_BODY = YES;
				CLANG_WARN_ENUM_CONVERSION = YES;
				CLANG_WARN_INFINITE_RECURSION = YES;
				CLANG_WARN_INT_CONVERSION = YES;
				CLANG_WARN_NON_LITERAL_NULL_CONVERSION = YES;
				CLANG_WARN_OBJC_IMPLICIT_RETAIN_SELF = YES;
				CLANG_WARN_OBJC_LITERAL_CONVERSION = YES;
				CLANG_WARN_OBJC_ROOT_CLASS = YES_ERROR;
				CLANG_WARN_QUOTED_INCLUDE_IN_FRAMEWORK_HEADER = YES;
				CLANG_WARN_RANGE_LOOP_ANALYSIS = YES;
				CLANG_WARN_STRICT_PROTOTYPES = YES;
				CLANG_WARN_SUSPICIOUS_MOVE = YES;
				CLANG_WARN_UNGUARDED_AVAILABILITY = YES_AGGRESSIVE;
				CLANG_WARN_UNREACHABLE_CODE = YES;
				CLANG_WARN__DUPLICATE_METHOD_MATCH = YES;
				COPY_PHASE_STRIP = NO;
				DEBUG_INFORMATION_FORMAT = "dwarf-with-dsym";
				ENABLE_NS_ASSERTIONS = NO;
				ENABLE_STRICT_OBJC_MSGSEND = YES;
				GCC_C_LANGUAGE_STANDARD = gnu11;
				GCC_NO_COMMON_BLOCKS = YES;
				GCC_WARN_64_TO_32_BIT_CONVERSION = YES;
				GCC_WARN_ABOUT_RETURN_TYPE = YES_ERROR;
				GCC_WARN_UNDECLARED_SELECTOR = YES;
				GCC_WARN_UNINITIALIZED_AUTOS = YES_AGGRESSIVE;
				GCC_WARN_UNUSED_FUNCTION = YES;
				GCC_WARN_UNUSED_VARIABLE = YES;
				IPHONEOS_DEPLOYMENT_TARGET = 14.3;
				MTL_ENABLE_DEBUG_INFO = NO;
				MTL_FAST_MATH = YES;
				SDKROOT = iphoneos;
				SWIFT_COMPILATION_MODE = wholemodule;
				SWIFT_OPTIMIZATION_LEVEL = "-O";
				VALIDATE_PRODUCT = YES;
			};
			name = Release;
		};
		CDBD38052590157200EE0540 /* Debug */ = {
			isa = XCBuildConfiguration;
			buildSettings = {
				ASSETCATALOG_COMPILER_APPICON_NAME = AppIcon;
				ASSETCATALOG_COMPILER_GLOBAL_ACCENT_COLOR_NAME = AccentColor;
				CODE_SIGN_STYLE = Automatic;
				DEVELOPMENT_TEAM = 8GNDP4R4AJ;
				INFOPLIST_FILE = Tippy/Info.plist;
				LD_RUNPATH_SEARCH_PATHS = (
					"$(inherited)",
					"@executable_path/Frameworks",
				);
				PRODUCT_BUNDLE_IDENTIFIER = iyredtech.com.Tippy;
				PRODUCT_NAME = "$(TARGET_NAME)";
				SWIFT_VERSION = 5.0;
				TARGETED_DEVICE_FAMILY = "1,2";
			};
			name = Debug;
		};
		CDBD38062590157200EE0540 /* Release */ = {
			isa = XCBuildConfiguration;
			buildSettings = {
				ASSETCATALOG_COMPILER_APPICON_NAME = AppIcon;
				ASSETCATALOG_COMPILER_GLOBAL_ACCENT_COLOR_NAME = AccentColor;
				CODE_SIGN_STYLE = Automatic;
				DEVELOPMENT_TEAM = 8GNDP4R4AJ;
				INFOPLIST_FILE = Tippy/Info.plist;
				LD_RUNPATH_SEARCH_PATHS = (
					"$(inherited)",
					"@executable_path/Frameworks",
				);
				PRODUCT_BUNDLE_IDENTIFIER = iyredtech.com.Tippy;
				PRODUCT_NAME = "$(TARGET_NAME)";
				SWIFT_VERSION = 5.0;
				TARGETED_DEVICE_FAMILY = "1,2";
			};
			name = Release;
		};
		CDBD38082590157200EE0540 /* Debug */ = {
			isa = XCBuildConfiguration;
			buildSettings = {
				ALWAYS_EMBED_SWIFT_STANDARD_LIBRARIES = YES;
				BUNDLE_LOADER = "$(TEST_HOST)";
				CODE_SIGN_STYLE = Automatic;
				DEVELOPMENT_TEAM = 8GNDP4R4AJ;
				INFOPLIST_FILE = TippyTests/Info.plist;
				IPHONEOS_DEPLOYMENT_TARGET = 14.3;
				LD_RUNPATH_SEARCH_PATHS = (
					"$(inherited)",
					"@executable_path/Frameworks",
					"@loader_path/Frameworks",
				);
				PRODUCT_BUNDLE_IDENTIFIER = iyredtech.com.TippyTests;
				PRODUCT_NAME = "$(TARGET_NAME)";
				SWIFT_VERSION = 5.0;
				TARGETED_DEVICE_FAMILY = "1,2";
				TEST_HOST = "$(BUILT_PRODUCTS_DIR)/Tippy.app/Tippy";
			};
			name = Debug;
		};
		CDBD38092590157200EE0540 /* Release */ = {
			isa = XCBuildConfiguration;
			buildSettings = {
				ALWAYS_EMBED_SWIFT_STANDARD_LIBRARIES = YES;
				BUNDLE_LOADER = "$(TEST_HOST)";
				CODE_SIGN_STYLE = Automatic;
				DEVELOPMENT_TEAM = 8GNDP4R4AJ;
				INFOPLIST_FILE = TippyTests/Info.plist;
				IPHONEOS_DEPLOYMENT_TARGET = 14.3;
				LD_RUNPATH_SEARCH_PATHS = (
					"$(inherited)",
					"@executable_path/Frameworks",
					"@loader_path/Frameworks",
				);
				PRODUCT_BUNDLE_IDENTIFIER = iyredtech.com.TippyTests;
				PRODUCT_NAME = "$(TARGET_NAME)";
				SWIFT_VERSION = 5.0;
				TARGETED_DEVICE_FAMILY = "1,2";
				TEST_HOST = "$(BUILT_PRODUCTS_DIR)/Tippy.app/Tippy";
			};
			name = Release;
		};
		CDBD380B2590157200EE0540 /* Debug */ = {
			isa = XCBuildConfiguration;
			buildSettings = {
				ALWAYS_EMBED_SWIFT_STANDARD_LIBRARIES = YES;
				CODE_SIGN_STYLE = Automatic;
				DEVELOPMENT_TEAM = 8GNDP4R4AJ;
				INFOPLIST_FILE = TippyUITests/Info.plist;
				LD_RUNPATH_SEARCH_PATHS = (
					"$(inherited)",
					"@executable_path/Frameworks",
					"@loader_path/Frameworks",
				);
				PRODUCT_BUNDLE_IDENTIFIER = iyredtech.com.TippyUITests;
				PRODUCT_NAME = "$(TARGET_NAME)";
				SWIFT_VERSION = 5.0;
				TARGETED_DEVICE_FAMILY = "1,2";
				TEST_TARGET_NAME = Tippy;
			};
			name = Debug;
		};
		CDBD380C2590157200EE0540 /* Release */ = {
			isa = XCBuildConfiguration;
			buildSettings = {
				ALWAYS_EMBED_SWIFT_STANDARD_LIBRARIES = YES;
				CODE_SIGN_STYLE = Automatic;
				DEVELOPMENT_TEAM = 8GNDP4R4AJ;
				INFOPLIST_FILE = TippyUITests/Info.plist;
				LD_RUNPATH_SEARCH_PATHS = (
					"$(inherited)",
					"@executable_path/Frameworks",
					"@loader_path/Frameworks",
				);
				PRODUCT_BUNDLE_IDENTIFIER = iyredtech.com.TippyUITests;
				PRODUCT_NAME = "$(TARGET_NAME)";
				SWIFT_VERSION = 5.0;
				TARGETED_DEVICE_FAMILY = "1,2";
				TEST_TARGET_NAME = Tippy;
			};
			name = Release;
		};
/* End XCBuildConfiguration section */

/* Begin XCConfigurationList section */
		CDBD37D52590156D00EE0540 /* Build configuration list for PBXProject "Tippy" */ = {
			isa = XCConfigurationList;
			buildConfigurations = (
				CDBD38022590157200EE0540 /* Debug */,
				CDBD38032590157200EE0540 /* Release */,
			);
			defaultConfigurationIsVisible = 0;
			defaultConfigurationName = Release;
		};
		CDBD38042590157200EE0540 /* Build configuration list for PBXNativeTarget "Tippy" */ = {
			isa = XCConfigurationList;
			buildConfigurations = (
				CDBD38052590157200EE0540 /* Debug */,
				CDBD38062590157200EE0540 /* Release */,
			);
			defaultConfigurationIsVisible = 0;
			defaultConfigurationName = Release;
		};
		CDBD38072590157200EE0540 /* Build configuration list for PBXNativeTarget "TippyTests" */ = {
			isa = XCConfigurationList;
			buildConfigurations = (
				CDBD38082590157200EE0540 /* Debug */,
				CDBD38092590157200EE0540 /* Release */,
			);
			defaultConfigurationIsVisible = 0;
			defaultConfigurationName = Release;
		};
		CDBD380A2590157200EE0540 /* Build configuration list for PBXNativeTarget "TippyUITests" */ = {
			isa = XCConfigurationList;
			buildConfigurations = (
				CDBD380B2590157200EE0540 /* Debug */,
				CDBD380C2590157200EE0540 /* Release */,
			);
			defaultConfigurationIsVisible = 0;
			defaultConfigurationName = Release;
		};
/* End XCConfigurationList section */
	};
	rootObject = CDBD37D22590156D00EE0540 /* Project object */;
}
